// !$*UTF8*$!
{
	archiveVersion = 1;
	classes = {
	};
	objectVersion = 50;
	objects = {

/* Begin PBXBuildFile section */
		D260BE90229A75DE00ABFC2C /* AppDelegate.swift in Sources */ = {isa = PBXBuildFile; fileRef = D260BE8F229A75DE00ABFC2C /* AppDelegate.swift */; };
		D260BE92229A75DE00ABFC2C /* ViewController.swift in Sources */ = {isa = PBXBuildFile; fileRef = D260BE91229A75DE00ABFC2C /* ViewController.swift */; };
		D260BE95229A75DE00ABFC2C /* Main.storyboard in Resources */ = {isa = PBXBuildFile; fileRef = D260BE93229A75DE00ABFC2C /* Main.storyboard */; };
		D260BE97229A75DF00ABFC2C /* Assets.xcassets in Resources */ = {isa = PBXBuildFile; fileRef = D260BE96229A75DF00ABFC2C /* Assets.xcassets */; };
		D260BE9A229A75DF00ABFC2C /* LaunchScreen.storyboard in Resources */ = {isa = PBXBuildFile; fileRef = D260BE98229A75DF00ABFC2C /* LaunchScreen.storyboard */; };
		D26B1FD8229CE73600D5C106 /* Extensions.swift in Sources */ = {isa = PBXBuildFile; fileRef = D26B1FD7229CE73600D5C106 /* Extensions.swift */; };
		D2E299C4229B3B4C007CB111 /* calculator.swift in Sources */ = {isa = PBXBuildFile; fileRef = D2E299C3229B3B4C007CB111 /* calculator.swift */; };
/* End PBXBuildFile section */

/* Begin PBXFileReference section */
		D260BE8C229A75DE00ABFC2C /* calculadora.app */ = {isa = PBXFileReference; explicitFileType = wrapper.application; includeInIndex = 0; path = calculadora.app; sourceTree = BUILT_PRODUCTS_DIR; };
		D260BE8F229A75DE00ABFC2C /* AppDelegate.swift */ = {isa = PBXFileReference; lastKnownFileType = sourcecode.swift; path = AppDelegate.swift; sourceTree = "<group>"; };
		D260BE91229A75DE00ABFC2C /* ViewController.swift */ = {isa = PBXFileReference; lastKnownFileType = sourcecode.swift; path = ViewController.swift; sourceTree = "<group>"; };
		D260BE94229A75DE00ABFC2C /* Base */ = {isa = PBXFileReference; lastKnownFileType = file.storyboard; name = Base; path = Base.lproj/Main.storyboard; sourceTree = "<group>"; };
		D260BE96229A75DF00ABFC2C /* Assets.xcassets */ = {isa = PBXFileReference; lastKnownFileType = folder.assetcatalog; path = Assets.xcassets; sourceTree = "<group>"; };
		D260BE99229A75DF00ABFC2C /* Base */ = {isa = PBXFileReference; lastKnownFileType = file.storyboard; name = Base; path = Base.lproj/LaunchScreen.storyboard; sourceTree = "<group>"; };
		D260BE9B229A75DF00ABFC2C /* Info.plist */ = {isa = PBXFileReference; lastKnownFileType = text.plist.xml; path = Info.plist; sourceTree = "<group>"; };
		D26B1FD7229CE73600D5C106 /* Extensions.swift */ = {isa = PBXFileReference; lastKnownFileType = sourcecode.swift; path = Extensions.swift; sourceTree = "<group>"; };
		D2E299C3229B3B4C007CB111 /* calculator.swift */ = {isa = PBXFileReference; lastKnownFileType = sourcecode.swift; path = calculator.swift; sourceTree = "<group>"; };
/* End PBXFileReference section */

/* Begin PBXFrameworksBuildPhase section */
		D260BE89229A75DE00ABFC2C /* Frameworks */ = {
			isa = PBXFrameworksBuildPhase;
			buildActionMask = 2147483647;
			files = (
			);
			runOnlyForDeploymentPostprocessing = 0;
		};
/* End PBXFrameworksBuildPhase section */

/* Begin PBXGroup section */
		D260BE83229A75DE00ABFC2C = {
			isa = PBXGroup;
			children = (
				D260BE8E229A75DE00ABFC2C /* calculadora */,
				D260BE8D229A75DE00ABFC2C /* Products */,
			);
			sourceTree = "<group>";
		};
		D260BE8D229A75DE00ABFC2C /* Products */ = {
			isa = PBXGroup;
			children = (
				D260BE8C229A75DE00ABFC2C /* calculadora.app */,
			);
			name = Products;
			sourceTree = "<group>";
		};
		D260BE8E229A75DE00ABFC2C /* calculadora */ = {
			isa = PBXGroup;
			children = (
				D260BE8F229A75DE00ABFC2C /* AppDelegate.swift */,
				D260BE91229A75DE00ABFC2C /* ViewController.swift */,
				D260BE93229A75DE00ABFC2C /* Main.storyboard */,
				D260BE96229A75DF00ABFC2C /* Assets.xcassets */,
				D260BE98229A75DF00ABFC2C /* LaunchScreen.storyboard */,
				D260BE9B229A75DF00ABFC2C /* Info.plist */,
				D2E299C3229B3B4C007CB111 /* calculator.swift */,
				D26B1FD7229CE73600D5C106 /* Extensions.swift */,
			);
			path = calculadora;
			sourceTree = "<group>";
		};
/* End PBXGroup section */

/* Begin PBXNativeTarget section */
		D260BE8B229A75DE00ABFC2C /* calculadora */ = {
			isa = PBXNativeTarget;
			buildConfigurationList = D260BE9E229A75DF00ABFC2C /* Build configuration list for PBXNativeTarget "calculadora" */;
			buildPhases = (
				D260BE88229A75DE00ABFC2C /* Sources */,
				D260BE89229A75DE00ABFC2C /* Frameworks */,
				D260BE8A229A75DE00ABFC2C /* Resources */,
			);
			buildRules = (
			);
			dependencies = (
			);
			name = calculadora;
			productName = calculadora;
			productReference = D260BE8C229A75DE00ABFC2C /* calculadora.app */;
			productType = "com.apple.product-type.application";
		};
/* End PBXNativeTarget section */

/* Begin PBXProject section */
		D260BE84229A75DE00ABFC2C /* Project object */ = {
			isa = PBXProject;
			attributes = {
				LastSwiftUpdateCheck = 1010;
				LastUpgradeCheck = 1010;
				ORGANIZATIONNAME = "Cwi Software";
				TargetAttributes = {
					D260BE8B229A75DE00ABFC2C = {
						CreatedOnToolsVersion = 10.1;
					};
				};
			};
			buildConfigurationList = D260BE87229A75DE00ABFC2C /* Build configuration list for PBXProject "calculadora" */;
			compatibilityVersion = "Xcode 9.3";
			developmentRegion = en;
			hasScannedForEncodings = 0;
			knownRegions = (
				en,
				Base,
			);
			mainGroup = D260BE83229A75DE00ABFC2C;
			productRefGroup = D260BE8D229A75DE00ABFC2C /* Products */;
			projectDirPath = "";
			projectRoot = "";
			targets = (
				D260BE8B229A75DE00ABFC2C /* calculadora */,
			);
		};
/* End PBXProject section */

/* Begin PBXResourcesBuildPhase section */
		D260BE8A229A75DE00ABFC2C /* Resources */ = {
			isa = PBXResourcesBuildPhase;
			buildActionMask = 2147483647;
			files = (
				D260BE9A229A75DF00ABFC2C /* LaunchScreen.storyboard in Resources */,
				D260BE97229A75DF00ABFC2C /* Assets.xcassets in Resources */,
				D260BE95229A75DE00ABFC2C /* Main.storyboard in Resources */,
			);
			runOnlyForDeploymentPostprocessing = 0;
		};
/* End PBXResourcesBuildPhase section */

/* Begin PBXSourcesBuildPhase section */
		D260BE88229A75DE00ABFC2C /* Sources */ = {
			isa = PBXSourcesBuildPhase;
			buildActionMask = 2147483647;
			files = (
				D2E299C4229B3B4C007CB111 /* calculator.swift in Sources */,
				D260BE92229A75DE00ABFC2C /* ViewController.swift in Sources */,
				D260BE90229A75DE00ABFC2C /* AppDelegate.swift in Sources */,
				D26B1FD8229CE73600D5C106 /* Extensions.swift in Sources */,
			);
			runOnlyForDeploymentPostprocessing = 0;
		};
/* End PBXSourcesBuildPhase section */

/* Begin PBXVariantGroup section */
		D260BE93229A75DE00ABFC2C /* Main.storyboard */ = {
			isa = PBXVariantGroup;
			children = (
				D260BE94229A75DE00ABFC2C /* Base */,
			);
			name = Main.storyboard;
			sourceTree = "<group>";
		};
		D260BE98229A75DF00ABFC2C /* LaunchScreen.storyboard */ = {
			isa = PBXVariantGroup;
			children = (
				D260BE99229A75DF00ABFC2C /* Base */,
			);
			name = LaunchScreen.storyboard;
			sourceTree = "<group>";
		};
/* End PBXVariantGroup section */

/* Begin XCBuildConfiguration section */
		D260BE9C229A75DF00ABFC2C /* Debug */ = {
			isa = XCBuildConfiguration;
			buildSettings = {
				ALWAYS_SEARCH_USER_PATHS = NO;
				CLANG_ANALYZER_NONNULL = YES;
				CLANG_ANALYZER_NUMBER_OBJECT_CONVERSION = YES_AGGRESSIVE;
				CLANG_CXX_LANGUAGE_STANDARD = "gnu++14";
				CLANG_CXX_LIBRARY = "libc++";
				CLANG_ENABLE_MODULES = YES;
				CLANG_ENABLE_OBJC_ARC = YES;
				CLANG_ENABLE_OBJC_WEAK = YES;
				CLANG_WARN_BLOCK_CAPTURE_AUTORELEASING = YES;
				CLANG_WARN_BOOL_CONVERSION = YES;
				CLANG_WARN_COMMA = YES;
				CLANG_WARN_CONSTANT_CONVERSION = YES;
				CLANG_WARN_DEPRECATED_OBJC_IMPLEMENTATIONS = YES;
				CLANG_WARN_DIRECT_OBJC_ISA_USAGE = YES_ERROR;
				CLANG_WARN_DOCUMENTATION_COMMENTS = YES;
				CLANG_WARN_EMPTY_BODY = YES;
				CLANG_WARN_ENUM_CONVERSION = YES;
				CLANG_WARN_INFINITE_RECURSION = YES;
				CLANG_WARN_INT_CONVERSION = YES;
				CLANG_WARN_NON_LITERAL_NULL_CONVERSION = YES;
				CLANG_WARN_OBJC_IMPLICIT_RETAIN_SELF = YES;
				CLANG_WARN_OBJC_LITERAL_CONVERSION = YES;
				CLANG_WARN_OBJC_ROOT_CLASS = YES_ERROR;
				CLANG_WARN_RANGE_LOOP_ANALYSIS = YES;
				CLANG_WARN_STRICT_PROTOTYPES = YES;
				CLANG_WARN_SUSPICIOUS_MOVE = YES;
				CLANG_WARN_UNGUARDED_AVAILABILITY = YES_AGGRESSIVE;
				CLANG_WARN_UNREACHABLE_CODE = YES;
				CLANG_WARN__DUPLICATE_METHOD_MATCH = YES;
				CODE_SIGN_IDENTITY = "iPhone Developer";
				COPY_PHASE_STRIP = NO;
				DEBUG_INFORMATION_FORMAT = dwarf;
				ENABLE_STRICT_OBJC_MSGSEND = YES;
				ENABLE_TESTABILITY = YES;
				GCC_C_LANGUAGE_STANDARD = gnu11;
				GCC_DYNAMIC_NO_PIC = NO;
				GCC_NO_COMMON_BLOCKS = YES;
				GCC_OPTIMIZATION_LEVEL = 0;
				GCC_PREPROCESSOR_DEFINITIONS = (
					"DEBUG=1",
					"$(inherited)",
				);
				GCC_WARN_64_TO_32_BIT_CONVERSION = YES;
				GCC_WARN_ABOUT_RETURN_TYPE = YES_ERROR;
				GCC_WARN_UNDECLARED_SELECTOR = YES;
				GCC_WARN_UNINITIALIZED_AUTOS = YES_AGGRESSIVE;
				GCC_WARN_UNUSED_FUNCTION = YES;
				GCC_WARN_UNUSED_VARIABLE = YES;
				IPHONEOS_DEPLOYMENT_TARGET = 12.1;
				MTL_ENABLE_DEBUG_INFO = INCLUDE_SOURCE;
				MTL_FAST_MATH = YES;
				ONLY_ACTIVE_ARCH = YES;
				SDKROOT = iphoneos;
				SWIFT_ACTIVE_COMPILATION_CONDITIONS = DEBUG;
				SWIFT_OPTIMIZATION_LEVEL = "-Onone";
			};
			name = Debug;
		};
		D260BE9D229A75DF00ABFC2C /* Release */ = {
			isa = XCBuildConfiguration;
			buildSettings = {
				ALWAYS_SEARCH_USER_PATHS = NO;
				CLANG_ANALYZER_NONNULL = YES;
				CLANG_ANALYZER_NUMBER_OBJECT_CONVERSION = YES_AGGRESSIVE;
				CLANG_CXX_LANGUAGE_STANDARD = "gnu++14";
				CLANG_CXX_LIBRARY = "libc++";
				CLANG_ENABLE_MODULES = YES;
				CLANG_ENABLE_OBJC_ARC = YES;
				CLANG_ENABLE_OBJC_WEAK = YES;
				CLANG_WARN_BLOCK_CAPTURE_AUTORELEASING = YES;
				CLANG_WARN_BOOL_CONVERSION = YES;
				CLANG_WARN_COMMA = YES;
				CLANG_WARN_CONSTANT_CONVERSION = YES;
				CLANG_WARN_DEPRECATED_OBJC_IMPLEMENTATIONS = YES;
				CLANG_WARN_DIRECT_OBJC_ISA_USAGE = YES_ERROR;
				CLANG_WARN_DOCUMENTATION_COMMENTS = YES;
				CLANG_WARN_EMPTY_BODY = YES;
				CLANG_WARN_ENUM_CONVERSION = YES;
				CLANG_WARN_INFINITE_RECURSION = YES;
				CLANG_WARN_INT_CONVERSION = YES;
				CLANG_WARN_NON_LITERAL_NULL_CONVERSION = YES;
				CLANG_WARN_OBJC_IMPLICIT_RETAIN_SELF = YES;
				CLANG_WARN_OBJC_LITERAL_CONVERSION = YES;
				CLANG_WARN_OBJC_ROOT_CLASS = YES_ERROR;
				CLANG_WARN_RANGE_LOOP_ANALYSIS = YES;
				CLANG_WARN_STRICT_PROTOTYPES = YES;
				CLANG_WARN_SUSPICIOUS_MOVE = YES;
				CLANG_WARN_UNGUARDED_AVAILABILITY = YES_AGGRESSIVE;
				CLANG_WARN_UNREACHABLE_CODE = YES;
				CLANG_WARN__DUPLICATE_METHOD_MATCH = YES;
				CODE_SIGN_IDENTITY = "iPhone Developer";
				COPY_PHASE_STRIP = NO;
				DEBUG_INFORMATION_FORMAT = "dwarf-with-dsym";
				ENABLE_NS_ASSERTIONS = NO;
				ENABLE_STRICT_OBJC_MSGSEND = YES;
				GCC_C_LANGUAGE_STANDARD = gnu11;
				GCC_NO_COMMON_BLOCKS = YES;
				GCC_WARN_64_TO_32_BIT_CONVERSION = YES;
				GCC_WARN_ABOUT_RETURN_TYPE = YES_ERROR;
				GCC_WARN_UNDECLARED_SELECTOR = YES;
				GCC_WARN_UNINITIALIZED_AUTOS = YES_AGGRESSIVE;
				GCC_WARN_UNUSED_FUNCTION = YES;
				GCC_WARN_UNUSED_VARIABLE = YES;
				IPHONEOS_DEPLOYMENT_TARGET = 12.1;
				MTL_ENABLE_DEBUG_INFO = NO;
				MTL_FAST_MATH = YES;
				SDKROOT = iphoneos;
				SWIFT_COMPILATION_MODE = wholemodule;
				SWIFT_OPTIMIZATION_LEVEL = "-O";
				VALIDATE_PRODUCT = YES;
			};
			name = Release;
		};
		D260BE9F229A75DF00ABFC2C /* Debug */ = {
			isa = XCBuildConfiguration;
			buildSettings = {
				ASSETCATALOG_COMPILER_APPICON_NAME = AppIcon;
				CODE_SIGN_STYLE = Automatic;
				DEVELOPMENT_TEAM = 592CL5HBX3;
				INFOPLIST_FILE = calculadora/Info.plist;
				LD_RUNPATH_SEARCH_PATHS = (
					"$(inherited)",
					"@executable_path/Frameworks",
				);
				PRODUCT_BUNDLE_IDENTIFIER = br.com.cwi.mari.calculadora;
				PRODUCT_NAME = "$(TARGET_NAME)";
				SWIFT_VERSION = 4.2;
				TARGETED_DEVICE_FAMILY = "1,2";
			};
			name = Debug;
		};
		D260BEA0229A75DF00ABFC2C /* Release */ = {
			isa = XCBuildConfiguration;
			buildSettings = {
				ASSETCATALOG_COMPILER_APPICON_NAME = AppIcon;
				CODE_SIGN_STYLE = Automatic;
				DEVELOPMENT_TEAM = 592CL5HBX3;
				INFOPLIST_FILE = calculadora/Info.plist;
				LD_RUNPATH_SEARCH_PATHS = (
					"$(inherited)",
					"@executable_path/Frameworks",
				);
				PRODUCT_BUNDLE_IDENTIFIER = br.com.cwi.mari.calculadora;
				PRODUCT_NAME = "$(TARGET_NAME)";
				SWIFT_VERSION = 4.2;
				TARGETED_DEVICE_FAMILY = "1,2";
			};
			name = Release;
		};
/* End XCBuildConfiguration section */

/* Begin XCConfigurationList section */
		D260BE87229A75DE00ABFC2C /* Build configuration list for PBXProject "calculadora" */ = {
			isa = XCConfigurationList;
			buildConfigurations = (
				D260BE9C229A75DF00ABFC2C /* Debug */,
				D260BE9D229A75DF00ABFC2C /* Release */,
			);
			defaultConfigurationIsVisible = 0;
			defaultConfigurationName = Release;
		};
		D260BE9E229A75DF00ABFC2C /* Build configuration list for PBXNativeTarget "calculadora" */ = {
			isa = XCConfigurationList;
			buildConfigurations = (
				D260BE9F229A75DF00ABFC2C /* Debug */,
				D260BEA0229A75DF00ABFC2C /* Release */,
			);
			defaultConfigurationIsVisible = 0;
			defaultConfigurationName = Release;
		};
/* End XCConfigurationList section */
	};
	rootObject = D260BE84229A75DE00ABFC2C /* Project object */;
}
